
Microsoft Visual Studio Solution File, Format Version 12.00
# Visual Studio Version 17
VisualStudioVersion = 17.14.36518.9
MinimumVisualStudioVersion = 10.0.40219.1
Project("{FAE04EC0-301F-11D3-BF4B-00C04F79EFBC}") = "GuitarVerse", "GuitarVerse\GuitarVerse.csproj", "{3CDA8E8E-4684-4AC0-8953-FC0B44A93367}"
EndProject
Global
	GlobalSection(SolutionConfigurationPlatforms) = preSolution
		Debug|Any CPU = Debug|Any CPU
		Release|Any CPU = Release|Any CPU
	EndGlobalSection
	GlobalSection(ProjectConfigurationPlatforms) = postSolution
		{3CDA8E8E-4684-4AC0-8953-FC0B44A93367}.Debug|Any CPU.ActiveCfg = Debug|Any CPU
		{3CDA8E8E-4684-4AC0-8953-FC0B44A93367}.Debug|Any CPU.Build.0 = Debug|Any CPU
		{3CDA8E8E-4684-4AC0-8953-FC0B44A93367}.Release|Any CPU.ActiveCfg = Release|Any CPU
		{3CDA8E8E-4684-4AC0-8953-FC0B44A93367}.Release|Any CPU.Build.0 = Release|Any CPU
	EndGlobalSection
	GlobalSection(SolutionProperties) = preSolution
		HideSolutionNode = FALSE
	EndGlobalSection
	GlobalSection(ExtensibilityGlobals) = postSolution
		SolutionGuid = {43A00CB1-68D1-4D4E-8F2F-44100DA331F9}
	EndGlobalSection
EndGlobal
